
Microsoft Visual Studio Solution File, Format Version 12.00
# Visual Studio Version 17
VisualStudioVersion = 17.6.33723.286
MinimumVisualStudioVersion = 10.0.40219.1
Project("{FAE04EC0-301F-11D3-BF4B-00C04F79EFBC}") = "ProgramAutoPark", "ProgramAutoPark\ProgramAutoPark.csproj", "{30386128-7625-49E7-ABF4-AAC8DBED569D}"
EndProject
Global
	GlobalSection(SolutionConfigurationPlatforms) = preSolution
		Debug|Any CPU = Debug|Any CPU
		Release|Any CPU = Release|Any CPU
	EndGlobalSection
	GlobalSection(ProjectConfigurationPlatforms) = postSolution
		{30386128-7625-49E7-ABF4-AAC8DBED569D}.Debug|Any CPU.ActiveCfg = Debug|Any CPU
		{30386128-7625-49E7-ABF4-AAC8DBED569D}.Debug|Any CPU.Build.0 = Debug|Any CPU
		{30386128-7625-49E7-ABF4-AAC8DBED569D}.Release|Any CPU.ActiveCfg = Release|Any CPU
		{30386128-7625-49E7-ABF4-AAC8DBED569D}.Release|Any CPU.Build.0 = Release|Any CPU
	EndGlobalSection
	GlobalSection(SolutionProperties) = preSolution
		HideSolutionNode = FALSE
	EndGlobalSection
	GlobalSection(ExtensibilityGlobals) = postSolution
		SolutionGuid = {AA5365C7-BBBB-4713-87E8-661C7C6C9E05}
	EndGlobalSection
EndGlobal
